
Microsoft Visual Studio Solution File, Format Version 12.00
# Visual Studio Version 16
VisualStudioVersion = 16.0.31005.135
MinimumVisualStudioVersion = 10.0.40219.1
Project("{9A19103F-16F7-4668-BE54-9A1E7A4F7556}") = "MyCS", "MyCS\MyCS.csproj", "{DDA703BC-5A47-431E-8E3F-678541A3FE03}"
EndProject
Project("{9A19103F-16F7-4668-BE54-9A1E7A4F7556}") = "Database", "Database\Database.csproj", "{AA2EA127-DEE7-4AD6-89D2-448A7062ED33}"
EndProject
Project("{9A19103F-16F7-4668-BE54-9A1E7A4F7556}") = "Services", "Services\Services.csproj", "{85A2FDDB-6845-4759-AEDA-4E728A008C13}"
EndProject
Project("{9A19103F-16F7-4668-BE54-9A1E7A4F7556}") = "InputModels", "InputModels\InputModels.csproj", "{636DCFA4-1C7E-4322-9C85-C3B976FFD23C}"
EndProject
Project("{9A19103F-16F7-4668-BE54-9A1E7A4F7556}") = "Tests", "Tests\Tests.csproj", "{F0473D45-8CBF-4761-A3D4-280730D4D301}"
EndProject
Global
	GlobalSection(SolutionConfigurationPlatforms) = preSolution
		Debug|Any CPU = Debug|Any CPU
		Release|Any CPU = Release|Any CPU
	EndGlobalSection
	GlobalSection(ProjectConfigurationPlatforms) = postSolution
		{DDA703BC-5A47-431E-8E3F-678541A3FE03}.Debug|Any CPU.ActiveCfg = Debug|Any CPU
		{DDA703BC-5A47-431E-8E3F-678541A3FE03}.Debug|Any CPU.Build.0 = Debug|Any CPU
		{DDA703BC-5A47-431E-8E3F-678541A3FE03}.Release|Any CPU.ActiveCfg = Release|Any CPU
		{DDA703BC-5A47-431E-8E3F-678541A3FE03}.Release|Any CPU.Build.0 = Release|Any CPU
		{AA2EA127-DEE7-4AD6-89D2-448A7062ED33}.Debug|Any CPU.ActiveCfg = Debug|Any CPU
		{AA2EA127-DEE7-4AD6-89D2-448A7062ED33}.Debug|Any CPU.Build.0 = Debug|Any CPU
		{AA2EA127-DEE7-4AD6-89D2-448A7062ED33}.Release|Any CPU.ActiveCfg = Release|Any CPU
		{AA2EA127-DEE7-4AD6-89D2-448A7062ED33}.Release|Any CPU.Build.0 = Release|Any CPU
		{85A2FDDB-6845-4759-AEDA-4E728A008C13}.Debug|Any CPU.ActiveCfg = Debug|Any CPU
		{85A2FDDB-6845-4759-AEDA-4E728A008C13}.Debug|Any CPU.Build.0 = Debug|Any CPU
		{85A2FDDB-6845-4759-AEDA-4E728A008C13}.Release|Any CPU.ActiveCfg = Release|Any CPU
		{85A2FDDB-6845-4759-AEDA-4E728A008C13}.Release|Any CPU.Build.0 = Release|Any CPU
		{636DCFA4-1C7E-4322-9C85-C3B976FFD23C}.Debug|Any CPU.ActiveCfg = Debug|Any CPU
		{636DCFA4-1C7E-4322-9C85-C3B976FFD23C}.Debug|Any CPU.Build.0 = Debug|Any CPU
		{636DCFA4-1C7E-4322-9C85-C3B976FFD23C}.Release|Any CPU.ActiveCfg = Release|Any CPU
		{636DCFA4-1C7E-4322-9C85-C3B976FFD23C}.Release|Any CPU.Build.0 = Release|Any CPU
		{F0473D45-8CBF-4761-A3D4-280730D4D301}.Debug|Any CPU.ActiveCfg = Debug|Any CPU
		{F0473D45-8CBF-4761-A3D4-280730D4D301}.Debug|Any CPU.Build.0 = Debug|Any CPU
		{F0473D45-8CBF-4761-A3D4-280730D4D301}.Release|Any CPU.ActiveCfg = Release|Any CPU
		{F0473D45-8CBF-4761-A3D4-280730D4D301}.Release|Any CPU.Build.0 = Release|Any CPU
	EndGlobalSection
	GlobalSection(SolutionProperties) = preSolution
		HideSolutionNode = FALSE
	EndGlobalSection
	GlobalSection(ExtensibilityGlobals) = postSolution
		SolutionGuid = {A9805241-3477-4723-AB20-CE0518E49860}
	EndGlobalSection
EndGlobal
